{
    "_readme": [
        "This file locks the dependencies of your project to a known state",
        "Read more about it at http://getcomposer.org/doc/01-basic-usage.md#composer-lock-the-lock-file",
        "This file is @generated automatically"
    ],
    "hash": "82568106c068e9f7171ea5857cb1a0a6",
    "packages": [
        {
            "name": "blueimp/jquery-file-upload",
            "version": "9.11.2",
            "source": {
                "type": "git",
                "url": "https://github.com/vkhramtsov/jQuery-File-Upload.git",
                "reference": "1944c390ed490ff3ca9c03f0b822088bd4589cde"
            },
            "dist": {
                "type": "zip",
                "url": "https://api.github.com/repos/vkhramtsov/jQuery-File-Upload/zipball/1944c390ed490ff3ca9c03f0b822088bd4589cde",
                "reference": "1944c390ed490ff3ca9c03f0b822088bd4589cde",
                "shasum": ""
            },
            "type": "library",
            "notification-url": "https://packagist.org/downloads/",
            "license": [
                "MIT"
            ],
            "authors": [
                {
                    "name": "Sebastian Tschan",
                    "homepage": "https://blueimp.net"
                }
            ],
            "description": "File Upload widget for jQuery.",
            "homepage": "https://github.com/blueimp/jQuery-File-Upload",
            "keywords": [
                "bootstrap",
                "chunk",
                "cross-domain",
                "cross-site",
                "drag",
                "drop",
                "file",
                "gae",
                "go",
                "jquery",
                "multiple",
                "php",
                "preview",
                "progress",
                "python",
                "resume",
                "selection",
                "upload",
                "widget"
            ],
            "time": "2015-08-31 05:28:42"
        },
        {
            "name": "websafe/lib-websafe-blueimp-jquery-file-upload-handler",
            "version": "v9.11.2",
            "source": {
                "type": "git",
                "url": "https://github.com/websafe/lib-websafe-blueimp-jquery-file-upload-handler.git",
                "reference": "5b21564d6ffa65cdf9119d7e0cebe64872c7b79d"
            },
            "dist": {
                "type": "zip",
                "url": "https://api.github.com/repos/websafe/lib-websafe-blueimp-jquery-file-upload-handler/zipball/5b21564d6ffa65cdf9119d7e0cebe64872c7b79d",
                "reference": "5b21564d6ffa65cdf9119d7e0cebe64872c7b79d",
                "shasum": ""
            },
            "require": {
                "php": ">=5.3.3"
            },
            "require-dev": {
                "fabpot/php-cs-fixer": "dev-master",
                "zendframework/zendframework": "dev-master",
                "zendframework/zftool": "dev-master"
            },
            "type": "library",
            "extra": {
                "branch-alias": {
                    "dev-master": "0.0.1-dev"
                }
            },
            "autoload": {
                "psr-0": {
                    "Websafe": "library/"
                }
            },
            "notification-url": "https://packagist.org/downloads/",
            "license": [
                "MIT"
            ],
            "authors": [
                {
                    "name": "Sebastian Tschan",
                    "homepage": "https://blueimp.net",
                    "role": "Developer"
                },
                {
                    "name": "Thomas Szteliga",
                    "email": "ts@websafe.pl",
                    "homepage": "https://websafe.pl",
                    "role": "Packager"
                }
            ],
            "description": "Repackaged PHP handler from Blueimp Jquery-File-Upload. Composer and autoloader ready. Contains only the PHP handler class. Install frontend assets with bower.",
            "time": "2015-09-10 09:24:58"
        }
    ],
    "packages-dev": [],
    "aliases": [],
    "minimum-stability": "stable",
    "stability-flags": [],
    "prefer-stable": false,
    "prefer-lowest": false,
    "platform": [],
    "platform-dev": []
}
